// !$*UTF8*$!
{
	archiveVersion = 1;
	classes = {
	};
	objectVersion = 46;
	objects = {

/* Begin PBXBuildFile section */
		33105C081D702AA000293BF2 /* main.m in Sources */ = {isa = PBXBuildFile; fileRef = 33105C071D702AA000293BF2 /* main.m */; };
		33105C0B1D702AA000293BF2 /* AppDelegate.m in Sources */ = {isa = PBXBuildFile; fileRef = 33105C0A1D702AA000293BF2 /* AppDelegate.m */; };
		33105C0E1D702AA000293BF2 /* ViewController.m in Sources */ = {isa = PBXBuildFile; fileRef = 33105C0D1D702AA000293BF2 /* ViewController.m */; };
		33105C111D702AA000293BF2 /* Main.storyboard in Resources */ = {isa = PBXBuildFile; fileRef = 33105C0F1D702AA000293BF2 /* Main.storyboard */; };
		33105C131D702AA000293BF2 /* Assets.xcassets in Resources */ = {isa = PBXBuildFile; fileRef = 33105C121D702AA000293BF2 /* Assets.xcassets */; };
		33105C161D702AA000293BF2 /* LaunchScreen.storyboard in Resources */ = {isa = PBXBuildFile; fileRef = 33105C141D702AA000293BF2 /* LaunchScreen.storyboard */; };
		33105C211D702AA000293BF2 /* CAKeyframeAnimationTests.m in Sources */ = {isa = PBXBuildFile; fileRef = 33105C201D702AA000293BF2 /* CAKeyframeAnimationTests.m */; };
		33105C2C1D702AA000293BF2 /* CAKeyframeAnimationUITests.m in Sources */ = {isa = PBXBuildFile; fileRef = 33105C2B1D702AA000293BF2 /* CAKeyframeAnimationUITests.m */; };
		33105C3A1D702ACD00293BF2 /* 飞机.png in Resources */ = {isa = PBXBuildFile; fileRef = 33105C391D702ACD00293BF2 /* 飞机.png */; };
/* End PBXBuildFile section */

/* Begin PBXContainerItemProxy section */
		33105C1D1D702AA000293BF2 /* PBXContainerItemProxy */ = {
			isa = PBXContainerItemProxy;
			containerPortal = 33105BFB1D702AA000293BF2 /* Project object */;
			proxyType = 1;
			remoteGlobalIDString = 33105C021D702AA000293BF2;
			remoteInfo = CAKeyframeAnimation;
		};
		33105C281D702AA000293BF2 /* PBXContainerItemProxy */ = {
			isa = PBXContainerItemProxy;
			containerPortal = 33105BFB1D702AA000293BF2 /* Project object */;
			proxyType = 1;
			remoteGlobalIDString = 33105C021D702AA000293BF2;
			remoteInfo = CAKeyframeAnimation;
		};
/* End PBXContainerItemProxy section */

/* Begin PBXFileReference section */
		33105C031D702AA000293BF2 /* CAKeyframeAnimation.app */ = {isa = PBXFileReference; explicitFileType = wrapper.application; includeInIndex = 0; path = CAKeyframeAnimation.app; sourceTree = BUILT_PRODUCTS_DIR; };
		33105C071D702AA000293BF2 /* main.m */ = {isa = PBXFileReference; lastKnownFileType = sourcecode.c.objc; path = main.m; sourceTree = "<group>"; };
		33105C091D702AA000293BF2 /* AppDelegate.h */ = {isa = PBXFileReference; lastKnownFileType = sourcecode.c.h; path = AppDelegate.h; sourceTree = "<group>"; };
		33105C0A1D702AA000293BF2 /* AppDelegate.m */ = {isa = PBXFileReference; lastKnownFileType = sourcecode.c.objc; path = AppDelegate.m; sourceTree = "<group>"; };
		33105C0C1D702AA000293BF2 /* ViewController.h */ = {isa = PBXFileReference; lastKnownFileType = sourcecode.c.h; path = ViewController.h; sourceTree = "<group>"; };
		33105C0D1D702AA000293BF2 /* ViewController.m */ = {isa = PBXFileReference; lastKnownFileType = sourcecode.c.objc; path = ViewController.m; sourceTree = "<group>"; };
		33105C101D702AA000293BF2 /* Base */ = {isa = PBXFileReference; lastKnownFileType = file.storyboard; name = Base; path = Base.lproj/Main.storyboard; sourceTree = "<group>"; };
		33105C121D702AA000293BF2 /* Assets.xcassets */ = {isa = PBXFileReference; lastKnownFileType = folder.assetcatalog; path = Assets.xcassets; sourceTree = "<group>"; };
		33105C151D702AA000293BF2 /* Base */ = {isa = PBXFileReference; lastKnownFileType = file.storyboard; name = Base; path = Base.lproj/LaunchScreen.storyboard; sourceTree = "<group>"; };
		33105C171D702AA000293BF2 /* Info.plist */ = {isa = PBXFileReference; lastKnownFileType = text.plist.xml; path = Info.plist; sourceTree = "<group>"; };
		33105C1C1D702AA000293BF2 /* CAKeyframeAnimationTests.xctest */ = {isa = PBXFileReference; explicitFileType = wrapper.cfbundle; includeInIndex = 0; path = CAKeyframeAnimationTests.xctest; sourceTree = BUILT_PRODUCTS_DIR; };
		33105C201D702AA000293BF2 /* CAKeyframeAnimationTests.m */ = {isa = PBXFileReference; lastKnownFileType = sourcecode.c.objc; path = CAKeyframeAnimationTests.m; sourceTree = "<group>"; };
		33105C221D702AA000293BF2 /* Info.plist */ = {isa = PBXFileReference; lastKnownFileType = text.plist.xml; path = Info.plist; sourceTree = "<group>"; };
		33105C271D702AA000293BF2 /* CAKeyframeAnimationUITests.xctest */ = {isa = PBXFileReference; explicitFileType = wrapper.cfbundle; includeInIndex = 0; path = CAKeyframeAnimationUITests.xctest; sourceTree = BUILT_PRODUCTS_DIR; };
		33105C2B1D702AA000293BF2 /* CAKeyframeAnimationUITests.m */ = {isa = PBXFileReference; lastKnownFileType = sourcecode.c.objc; path = CAKeyframeAnimationUITests.m; sourceTree = "<group>"; };
		33105C2D1D702AA000293BF2 /* Info.plist */ = {isa = PBXFileReference; lastKnownFileType = text.plist.xml; path = Info.plist; sourceTree = "<group>"; };
		33105C391D702ACD00293BF2 /* 飞机.png */ = {isa = PBXFileReference; lastKnownFileType = image.png; path = "飞机.png"; sourceTree = "<group>"; };
/* End PBXFileReference section */

/* Begin PBXFrameworksBuildPhase section */
		33105C001D702AA000293BF2 /* Frameworks */ = {
			isa = PBXFrameworksBuildPhase;
			buildActionMask = 2147483647;
			files = (
			);
			runOnlyForDeploymentPostprocessing = 0;
		};
		33105C191D702AA000293BF2 /* Frameworks */ = {
			isa = PBXFrameworksBuildPhase;
			buildActionMask = 2147483647;
			files = (
			);
			runOnlyForDeploymentPostprocessing = 0;
		};
		33105C241D702AA000293BF2 /* Frameworks */ = {
			isa = PBXFrameworksBuildPhase;
			buildActionMask = 2147483647;
			files = (
			);
			runOnlyForDeploymentPostprocessing = 0;
		};
/* End PBXFrameworksBuildPhase section */

/* Begin PBXGroup section */
		33105BFA1D702AA000293BF2 = {
			isa = PBXGroup;
			children = (
				33105C051D702AA000293BF2 /* CAKeyframeAnimation */,
				33105C1F1D702AA000293BF2 /* CAKeyframeAnimationTests */,
				33105C2A1D702AA000293BF2 /* CAKeyframeAnimationUITests */,
				33105C041D702AA000293BF2 /* Products */,
			);
			sourceTree = "<group>";
		};
		33105C041D702AA000293BF2 /* Products */ = {
			isa = PBXGroup;
			children = (
				33105C031D702AA000293BF2 /* CAKeyframeAnimation.app */,
				33105C1C1D702AA000293BF2 /* CAKeyframeAnimationTests.xctest */,
				33105C271D702AA000293BF2 /* CAKeyframeAnimationUITests.xctest */,
			);
			name = Products;
			sourceTree = "<group>";
		};
		33105C051D702AA000293BF2 /* CAKeyframeAnimation */ = {
			isa = PBXGroup;
			children = (
				33105C091D702AA000293BF2 /* AppDelegate.h */,
				33105C0A1D702AA000293BF2 /* AppDelegate.m */,
				33105C0C1D702AA000293BF2 /* ViewController.h */,
				33105C0D1D702AA000293BF2 /* ViewController.m */,
				33105C0F1D702AA000293BF2 /* Main.storyboard */,
				33105C391D702ACD00293BF2 /* 飞机.png */,
				33105C121D702AA000293BF2 /* Assets.xcassets */,
				33105C141D702AA000293BF2 /* LaunchScreen.storyboard */,
				33105C171D702AA000293BF2 /* Info.plist */,
				33105C061D702AA000293BF2 /* Supporting Files */,
			);
			path = CAKeyframeAnimation;
			sourceTree = "<group>";
		};
		33105C061D702AA000293BF2 /* Supporting Files */ = {
			isa = PBXGroup;
			children = (
				33105C071D702AA000293BF2 /* main.m */,
			);
			name = "Supporting Files";
			sourceTree = "<group>";
		};
		33105C1F1D702AA000293BF2 /* CAKeyframeAnimationTests */ = {
			isa = PBXGroup;
			children = (
				33105C201D702AA000293BF2 /* CAKeyframeAnimationTests.m */,
				33105C221D702AA000293BF2 /* Info.plist */,
			);
			path = CAKeyframeAnimationTests;
			sourceTree = "<group>";
		};
		33105C2A1D702AA000293BF2 /* CAKeyframeAnimationUITests */ = {
			isa = PBXGroup;
			children = (
				33105C2B1D702AA000293BF2 /* CAKeyframeAnimationUITests.m */,
				33105C2D1D702AA000293BF2 /* Info.plist */,
			);
			path = CAKeyframeAnimationUITests;
			sourceTree = "<group>";
		};
/* End PBXGroup section */

/* Begin PBXNativeTarget section */
		33105C021D702AA000293BF2 /* CAKeyframeAnimation */ = {
			isa = PBXNativeTarget;
			buildConfigurationList = 33105C301D702AA000293BF2 /* Build configuration list for PBXNativeTarget "CAKeyframeAnimation" */;
			buildPhases = (
				33105BFF1D702AA000293BF2 /* Sources */,
				33105C001D702AA000293BF2 /* Frameworks */,
				33105C011D702AA000293BF2 /* Resources */,
			);
			buildRules = (
			);
			dependencies = (
			);
			name = CAKeyframeAnimation;
			productName = CAKeyframeAnimation;
			productReference = 33105C031D702AA000293BF2 /* CAKeyframeAnimation.app */;
			productType = "com.apple.product-type.application";
		};
		33105C1B1D702AA000293BF2 /* CAKeyframeAnimationTests */ = {
			isa = PBXNativeTarget;
			buildConfigurationList = 33105C331D702AA000293BF2 /* Build configuration list for PBXNativeTarget "CAKeyframeAnimationTests" */;
			buildPhases = (
				33105C181D702AA000293BF2 /* Sources */,
				33105C191D702AA000293BF2 /* Frameworks */,
				33105C1A1D702AA000293BF2 /* Resources */,
			);
			buildRules = (
			);
			dependencies = (
				33105C1E1D702AA000293BF2 /* PBXTargetDependency */,
			);
			name = CAKeyframeAnimationTests;
			productName = CAKeyframeAnimationTests;
			productReference = 33105C1C1D702AA000293BF2 /* CAKeyframeAnimationTests.xctest */;
			productType = "com.apple.product-type.bundle.unit-test";
		};
		33105C261D702AA000293BF2 /* CAKeyframeAnimationUITests */ = {
			isa = PBXNativeTarget;
			buildConfigurationList = 33105C361D702AA000293BF2 /* Build configuration list for PBXNativeTarget "CAKeyframeAnimationUITests" */;
			buildPhases = (
				33105C231D702AA000293BF2 /* Sources */,
				33105C241D702AA000293BF2 /* Frameworks */,
				33105C251D702AA000293BF2 /* Resources */,
			);
			buildRules = (
			);
			dependencies = (
				33105C291D702AA000293BF2 /* PBXTargetDependency */,
			);
			name = CAKeyframeAnimationUITests;
			productName = CAKeyframeAnimationUITests;
			productReference = 33105C271D702AA000293BF2 /* CAKeyframeAnimationUITests.xctest */;
			productType = "com.apple.product-type.bundle.ui-testing";
		};
/* End PBXNativeTarget section */

/* Begin PBXProject section */
		33105BFB1D702AA000293BF2 /* Project object */ = {
			isa = PBXProject;
			attributes = {
				LastUpgradeCheck = 0710;
				ORGANIZATIONNAME = "tens十安科技";
				TargetAttributes = {
					33105C021D702AA000293BF2 = {
						CreatedOnToolsVersion = 7.1.1;
						DevelopmentTeam = 924339X48J;
					};
					33105C1B1D702AA000293BF2 = {
						CreatedOnToolsVersion = 7.1.1;
						DevelopmentTeam = 924339X48J;
						TestTargetID = 33105C021D702AA000293BF2;
					};
					33105C261D702AA000293BF2 = {
						CreatedOnToolsVersion = 7.1.1;
						DevelopmentTeam = 924339X48J;
						TestTargetID = 33105C021D702AA000293BF2;
					};
				};
			};
			buildConfigurationList = 33105BFE1D702AA000293BF2 /* Build configuration list for PBXProject "CAKeyframeAnimation" */;
			compatibilityVersion = "Xcode 3.2";
			developmentRegion = English;
			hasScannedForEncodings = 0;
			knownRegions = (
				en,
				Base,
			);
			mainGroup = 33105BFA1D702AA000293BF2;
			productRefGroup = 33105C041D702AA000293BF2 /* Products */;
			projectDirPath = "";
			projectRoot = "";
			targets = (
				33105C021D702AA000293BF2 /* CAKeyframeAnimation */,
				33105C1B1D702AA000293BF2 /* CAKeyframeAnimationTests */,
				33105C261D702AA000293BF2 /* CAKeyframeAnimationUITests */,
			);
		};
/* End PBXProject section */

/* Begin PBXResourcesBuildPhase section */
		33105C011D702AA000293BF2 /* Resources */ = {
			isa = PBXResourcesBuildPhase;
			buildActionMask = 2147483647;
			files = (
				33105C161D702AA000293BF2 /* LaunchScreen.storyboard in Resources */,
				33105C3A1D702ACD00293BF2 /* 飞机.png in Resources */,
				33105C131D702AA000293BF2 /* Assets.xcassets in Resources */,
				33105C111D702AA000293BF2 /* Main.storyboard in Resources */,
			);
			runOnlyForDeploymentPostprocessing = 0;
		};
		33105C1A1D702AA000293BF2 /* Resources */ = {
			isa = PBXResourcesBuildPhase;
			buildActionMask = 2147483647;
			files = (
			);
			runOnlyForDeploymentPostprocessing = 0;
		};
		33105C251D702AA000293BF2 /* Resources */ = {
			isa = PBXResourcesBuildPhase;
			buildActionMask = 2147483647;
			files = (
			);
			runOnlyForDeploymentPostprocessing = 0;
		};
/* End PBXResourcesBuildPhase section */

/* Begin PBXSourcesBuildPhase section */
		33105BFF1D702AA000293BF2 /* Sources */ = {
			isa = PBXSourcesBuildPhase;
			buildActionMask = 2147483647;
			files = (
				33105C0E1D702AA000293BF2 /* ViewController.m in Sources */,
				33105C0B1D702AA000293BF2 /* AppDelegate.m in Sources */,
				33105C081D702AA000293BF2 /* main.m in Sources */,
			);
			runOnlyForDeploymentPostprocessing = 0;
		};
		33105C181D702AA000293BF2 /* Sources */ = {
			isa = PBXSourcesBuildPhase;
			buildActionMask = 2147483647;
			files = (
				33105C211D702AA000293BF2 /* CAKeyframeAnimationTests.m in Sources */,
			);
			runOnlyForDeploymentPostprocessing = 0;
		};
		33105C231D702AA000293BF2 /* Sources */ = {
			isa = PBXSourcesBuildPhase;
			buildActionMask = 2147483647;
			files = (
				33105C2C1D702AA000293BF2 /* CAKeyframeAnimationUITests.m in Sources */,
			);
			runOnlyForDeploymentPostprocessing = 0;
		};
/* End PBXSourcesBuildPhase section */

/* Begin PBXTargetDependency section */
		33105C1E1D702AA000293BF2 /* PBXTargetDependency */ = {
			isa = PBXTargetDependency;
			target = 33105C021D702AA000293BF2 /* CAKeyframeAnimation */;
			targetProxy = 33105C1D1D702AA000293BF2 /* PBXContainerItemProxy */;
		};
		33105C291D702AA000293BF2 /* PBXTargetDependency */ = {
			isa = PBXTargetDependency;
			target = 33105C021D702AA000293BF2 /* CAKeyframeAnimation */;
			targetProxy = 33105C281D702AA000293BF2 /* PBXContainerItemProxy */;
		};
/* End PBXTargetDependency section */

/* Begin PBXVariantGroup section */
		33105C0F1D702AA000293BF2 /* Main.storyboard */ = {
			isa = PBXVariantGroup;
			children = (
				33105C101D702AA000293BF2 /* Base */,
			);
			name = Main.storyboard;
			sourceTree = "<group>";
		};
		33105C141D702AA000293BF2 /* LaunchScreen.storyboard */ = {
			isa = PBXVariantGroup;
			children = (
				33105C151D702AA000293BF2 /* Base */,
			);
			name = LaunchScreen.storyboard;
			sourceTree = "<group>";
		};
/* End PBXVariantGroup section */

/* Begin XCBuildConfiguration section */
		33105C2E1D702AA000293BF2 /* Debug */ = {
			isa = XCBuildConfiguration;
			buildSettings = {
				ALWAYS_SEARCH_USER_PATHS = NO;
				CLANG_CXX_LANGUAGE_STANDARD = "gnu++0x";
				CLANG_CXX_LIBRARY = "libc++";
				CLANG_ENABLE_MODULES = YES;
				CLANG_ENABLE_OBJC_ARC = YES;
				CLANG_WARN_BOOL_CONVERSION = YES;
				CLANG_WARN_CONSTANT_CONVERSION = YES;
				CLANG_WARN_DIRECT_OBJC_ISA_USAGE = YES_ERROR;
				CLANG_WARN_EMPTY_BODY = YES;
				CLANG_WARN_ENUM_CONVERSION = YES;
				CLANG_WARN_INT_CONVERSION = YES;
				CLANG_WARN_OBJC_ROOT_CLASS = YES_ERROR;
				CLANG_WARN_UNREACHABLE_CODE = YES;
				CLANG_WARN__DUPLICATE_METHOD_MATCH = YES;
				"CODE_SIGN_IDENTITY[sdk=iphoneos*]" = "iPhone Developer";
				COPY_PHASE_STRIP = NO;
				DEBUG_INFORMATION_FORMAT = dwarf;
				ENABLE_STRICT_OBJC_MSGSEND = YES;
				ENABLE_TESTABILITY = YES;
				GCC_C_LANGUAGE_STANDARD = gnu99;
				GCC_DYNAMIC_NO_PIC = NO;
				GCC_NO_COMMON_BLOCKS = YES;
				GCC_OPTIMIZATION_LEVEL = 0;
				GCC_PREPROCESSOR_DEFINITIONS = (
					"DEBUG=1",
					"$(inherited)",
				);
				GCC_WARN_64_TO_32_BIT_CONVERSION = YES;
				GCC_WARN_ABOUT_RETURN_TYPE = YES_ERROR;
				GCC_WARN_UNDECLARED_SELECTOR = YES;
				GCC_WARN_UNINITIALIZED_AUTOS = YES_AGGRESSIVE;
				GCC_WARN_UNUSED_FUNCTION = YES;
				GCC_WARN_UNUSED_VARIABLE = YES;
				IPHONEOS_DEPLOYMENT_TARGET = 9.1;
				MTL_ENABLE_DEBUG_INFO = YES;
				ONLY_ACTIVE_ARCH = YES;
				SDKROOT = iphoneos;
			};
			name = Debug;
		};
		33105C2F1D702AA000293BF2 /* Release */ = {
			isa = XCBuildConfiguration;
			buildSettings = {
				ALWAYS_SEARCH_USER_PATHS = NO;
				CLANG_CXX_LANGUAGE_STANDARD = "gnu++0x";
				CLANG_CXX_LIBRARY = "libc++";
				CLANG_ENABLE_MODULES = YES;
				CLANG_ENABLE_OBJC_ARC = YES;
				CLANG_WARN_BOOL_CONVERSION = YES;
				CLANG_WARN_CONSTANT_CONVERSION = YES;
				CLANG_WARN_DIRECT_OBJC_ISA_USAGE = YES_ERROR;
				CLANG_WARN_EMPTY_BODY = YES;
				CLANG_WARN_ENUM_CONVERSION = YES;
				CLANG_WARN_INT_CONVERSION = YES;
				CLANG_WARN_OBJC_ROOT_CLASS = YES_ERROR;
				CLANG_WARN_UNREACHABLE_CODE = YES;
				CLANG_WARN__DUPLICATE_METHOD_MATCH = YES;
				"CODE_SIGN_IDENTITY[sdk=iphoneos*]" = "iPhone Developer";
				COPY_PHASE_STRIP = NO;
				DEBUG_INFORMATION_FORMAT = "dwarf-with-dsym";
				ENABLE_NS_ASSERTIONS = NO;
				ENABLE_STRICT_OBJC_MSGSEND = YES;
				GCC_C_LANGUAGE_STANDARD = gnu99;
				GCC_NO_COMMON_BLOCKS = YES;
				GCC_WARN_64_TO_32_BIT_CONVERSION = YES;
				GCC_WARN_ABOUT_RETURN_TYPE = YES_ERROR;
				GCC_WARN_UNDECLARED_SELECTOR = YES;
				GCC_WARN_UNINITIALIZED_AUTOS = YES_AGGRESSIVE;
				GCC_WARN_UNUSED_FUNCTION = YES;
				GCC_WARN_UNUSED_VARIABLE = YES;
				IPHONEOS_DEPLOYMENT_TARGET = 9.1;
				MTL_ENABLE_DEBUG_INFO = NO;
				SDKROOT = iphoneos;
				VALIDATE_PRODUCT = YES;
			};
			name = Release;
		};
		33105C311D702AA000293BF2 /* Debug */ = {
			isa = XCBuildConfiguration;
			buildSettings = {
				ASSETCATALOG_COMPILER_APPICON_NAME = AppIcon;
				INFOPLIST_FILE = CAKeyframeAnimation/Info.plist;
				LD_RUNPATH_SEARCH_PATHS = "$(inherited) @executable_path/Frameworks";
				PRODUCT_BUNDLE_IDENTIFIER = www.tensAPP.com.CAKeyframeAnimation;
				PRODUCT_NAME = "$(TARGET_NAME)";
			};
			name = Debug;
		};
		33105C321D702AA000293BF2 /* Release */ = {
			isa = XCBuildConfiguration;
			buildSettings = {
				ASSETCATALOG_COMPILER_APPICON_NAME = AppIcon;
				INFOPLIST_FILE = CAKeyframeAnimation/Info.plist;
				LD_RUNPATH_SEARCH_PATHS = "$(inherited) @executable_path/Frameworks";
				PRODUCT_BUNDLE_IDENTIFIER = www.tensAPP.com.CAKeyframeAnimation;
				PRODUCT_NAME = "$(TARGET_NAME)";
			};
			name = Release;
		};
		33105C341D702AA000293BF2 /* Debug */ = {
			isa = XCBuildConfiguration;
			buildSettings = {
				BUNDLE_LOADER = "$(TEST_HOST)";
				INFOPLIST_FILE = CAKeyframeAnimationTests/Info.plist;
				LD_RUNPATH_SEARCH_PATHS = "$(inherited) @executable_path/Frameworks @loader_path/Frameworks";
				PRODUCT_BUNDLE_IDENTIFIER = www.tensAPP.com.CAKeyframeAnimationTests;
				PRODUCT_NAME = "$(TARGET_NAME)";
				TEST_HOST = "$(BUILT_PRODUCTS_DIR)/CAKeyframeAnimation.app/CAKeyframeAnimation";
			};
			name = Debug;
		};
		33105C351D702AA000293BF2 /* Release */ = {
			isa = XCBuildConfiguration;
			buildSettings = {
				BUNDLE_LOADER = "$(TEST_HOST)";
				INFOPLIST_FILE = CAKeyframeAnimationTests/Info.plist;
				LD_RUNPATH_SEARCH_PATHS = "$(inherited) @executable_path/Frameworks @loader_path/Frameworks";
				PRODUCT_BUNDLE_IDENTIFIER = www.tensAPP.com.CAKeyframeAnimationTests;
				PRODUCT_NAME = "$(TARGET_NAME)";
				TEST_HOST = "$(BUILT_PRODUCTS_DIR)/CAKeyframeAnimation.app/CAKeyframeAnimation";
			};
			name = Release;
		};
		33105C371D702AA000293BF2 /* Debug */ = {
			isa = XCBuildConfiguration;
			buildSettings = {
				INFOPLIST_FILE = CAKeyframeAnimationUITests/Info.plist;
				LD_RUNPATH_SEARCH_PATHS = "$(inherited) @executable_path/Frameworks @loader_path/Frameworks";
				PRODUCT_BUNDLE_IDENTIFIER = www.tensAPP.com.CAKeyframeAnimationUITests;
				PRODUCT_NAME = "$(TARGET_NAME)";
				TEST_TARGET_NAME = CAKeyframeAnimation;
				USES_XCTRUNNER = YES;
			};
			name = Debug;
		};
		33105C381D702AA000293BF2 /* Release */ = {
			isa = XCBuildConfiguration;
			buildSettings = {
				INFOPLIST_FILE = CAKeyframeAnimationUITests/Info.plist;
				LD_RUNPATH_SEARCH_PATHS = "$(inherited) @executable_path/Frameworks @loader_path/Frameworks";
				PRODUCT_BUNDLE_IDENTIFIER = www.tensAPP.com.CAKeyframeAnimationUITests;
				PRODUCT_NAME = "$(TARGET_NAME)";
				TEST_TARGET_NAME = CAKeyframeAnimation;
				USES_XCTRUNNER = YES;
			};
			name = Release;
		};
/* End XCBuildConfiguration section */

/* Begin XCConfigurationList section */
		33105BFE1D702AA000293BF2 /* Build configuration list for PBXProject "CAKeyframeAnimation" */ = {
			isa = XCConfigurationList;
			buildConfigurations = (
				33105C2E1D702AA000293BF2 /* Debug */,
				33105C2F1D702AA000293BF2 /* Release */,
			);
			defaultConfigurationIsVisible = 0;
			defaultConfigurationName = Release;
		};
		33105C301D702AA000293BF2 /* Build configuration list for PBXNativeTarget "CAKeyframeAnimation" */ = {
			isa = XCConfigurationList;
			buildConfigurations = (
				33105C311D702AA000293BF2 /* Debug */,
				33105C321D702AA000293BF2 /* Release */,
			);
			defaultConfigurationIsVisible = 0;
		};
		33105C331D702AA000293BF2 /* Build configuration list for PBXNativeTarget "CAKeyframeAnimationTests" */ = {
			isa = XCConfigurationList;
			buildConfigurations = (
				33105C341D702AA000293BF2 /* Debug */,
				33105C351D702AA000293BF2 /* Release */,
			);
			defaultConfigurationIsVisible = 0;
		};
		33105C361D702AA000293BF2 /* Build configuration list for PBXNativeTarget "CAKeyframeAnimationUITests" */ = {
			isa = XCConfigurationList;
			buildConfigurations = (
				33105C371D702AA000293BF2 /* Debug */,
				33105C381D702AA000293BF2 /* Release */,
			);
			defaultConfigurationIsVisible = 0;
		};
/* End XCConfigurationList section */
	};
	rootObject = 33105BFB1D702AA000293BF2 /* Project object */;
}
